{
  "originHash" : "450c115e0089ca902d0038354e38cb1a24a4900e21b60a398389625701cbe88d",
  "pins" : [
    {
      "identity" : "openapikit",
      "kind" : "remoteSourceControl",
      "location" : "https://github.com/mattpolzin/OpenAPIKit.git",
      "state" : {
        "revision" : "d267e29373b3d2ff395d3b46d8bf2085a9263f67",
        "version" : "5.0.0-rc.2"
      }
    },
    {
      "identity" : "sampleable",
      "kind" : "remoteSourceControl",
      "location" : "https://github.com/mattpolzin/Sampleable.git",
      "state" : {
        "revision" : "df44bf1a860481109dcf455e3c6daf0a0f1bc259",
        "version" : "2.1.0"
      }
    }
  ],
  "version" : 3
}
